
Microsoft Visual Studio Solution File, Format Version 12.00
Project("{FAE04EC0-301F-11D3-BF4B-00C04F79EFBC}") = "LeetCode", "LeetCode\LeetCode.csproj", "{4082089C-0120-4C20-9275-1659D239D4AB}"
EndProject
Project("{FAE04EC0-301F-11D3-BF4B-00C04F79EFBC}") = "LeetCode.Tests", "LeetCode.Tests\LeetCode.Tests.csproj", "{7542D941-E9BF-4735-A4E0-1009B2E05967}"
EndProject
Global
	GlobalSection(SolutionConfigurationPlatforms) = preSolution
		Debug|Any CPU = Debug|Any CPU
		Release|Any CPU = Release|Any CPU
	EndGlobalSection
	GlobalSection(ProjectConfigurationPlatforms) = postSolution
		{4082089C-0120-4C20-9275-1659D239D4AB}.Debug|Any CPU.ActiveCfg = Debug|Any CPU
		{4082089C-0120-4C20-9275-1659D239D4AB}.Debug|Any CPU.Build.0 = Debug|Any CPU
		{4082089C-0120-4C20-9275-1659D239D4AB}.Release|Any CPU.ActiveCfg = Release|Any CPU
		{4082089C-0120-4C20-9275-1659D239D4AB}.Release|Any CPU.Build.0 = Release|Any CPU
		{7542D941-E9BF-4735-A4E0-1009B2E05967}.Debug|Any CPU.ActiveCfg = Debug|Any CPU
		{7542D941-E9BF-4735-A4E0-1009B2E05967}.Debug|Any CPU.Build.0 = Debug|Any CPU
		{7542D941-E9BF-4735-A4E0-1009B2E05967}.Release|Any CPU.ActiveCfg = Release|Any CPU
		{7542D941-E9BF-4735-A4E0-1009B2E05967}.Release|Any CPU.Build.0 = Release|Any CPU
	EndGlobalSection
EndGlobal
